
Microsoft Visual Studio Solution File, Format Version 12.00
# Visual Studio Version 16
VisualStudioVersion = 16.0.31515.178
MinimumVisualStudioVersion = 10.0.40219.1
Project("{FAE04EC0-301F-11D3-BF4B-00C04F79EFBC}") = "OOP_Example", "OOP_Example.csproj", "{0DFF06B3-3412-40E5-8DC8-9FE3B4980191}"
EndProject
Global
	GlobalSection(SolutionConfigurationPlatforms) = preSolution
		Debug|Any CPU = Debug|Any CPU
		Release|Any CPU = Release|Any CPU
	EndGlobalSection
	GlobalSection(ProjectConfigurationPlatforms) = postSolution
		{0DFF06B3-3412-40E5-8DC8-9FE3B4980191}.Debug|Any CPU.ActiveCfg = Debug|Any CPU
		{0DFF06B3-3412-40E5-8DC8-9FE3B4980191}.Debug|Any CPU.Build.0 = Debug|Any CPU
		{0DFF06B3-3412-40E5-8DC8-9FE3B4980191}.Release|Any CPU.ActiveCfg = Release|Any CPU
		{0DFF06B3-3412-40E5-8DC8-9FE3B4980191}.Release|Any CPU.Build.0 = Release|Any CPU
	EndGlobalSection
	GlobalSection(SolutionProperties) = preSolution
		HideSolutionNode = FALSE
	EndGlobalSection
	GlobalSection(ExtensibilityGlobals) = postSolution
		SolutionGuid = {A18DF9E6-4F03-43B9-A5A2-790965C921EA}
	EndGlobalSection
EndGlobal
